
Microsoft Visual Studio Solution File, Format Version 12.00
# Visual Studio 14
VisualStudioVersion = 14.0.25420.1
MinimumVisualStudioVersion = 10.0.40219.1
Project("{FAE04EC0-301F-11D3-BF4B-00C04F79EFBC}") = "RInterop", "RInterop\RInterop.csproj", "{EC24722E-AEC0-42D9-B5ED-300137236355}"
EndProject
Project("{FAE04EC0-301F-11D3-BF4B-00C04F79EFBC}") = "Logging", "Logging\Logging.csproj", "{DA0E6A71-5A37-4EE6-87A4-C82C93EF908D}"
EndProject
Global
	GlobalSection(SolutionConfigurationPlatforms) = preSolution
		Debug|Any CPU = Debug|Any CPU
		Release|Any CPU = Release|Any CPU
	EndGlobalSection
	GlobalSection(ProjectConfigurationPlatforms) = postSolution
		{EC24722E-AEC0-42D9-B5ED-300137236355}.Debug|Any CPU.ActiveCfg = Debug|Any CPU
		{EC24722E-AEC0-42D9-B5ED-300137236355}.Debug|Any CPU.Build.0 = Debug|Any CPU
		{EC24722E-AEC0-42D9-B5ED-300137236355}.Release|Any CPU.ActiveCfg = Release|Any CPU
		{EC24722E-AEC0-42D9-B5ED-300137236355}.Release|Any CPU.Build.0 = Release|Any CPU
		{DA0E6A71-5A37-4EE6-87A4-C82C93EF908D}.Debug|Any CPU.ActiveCfg = Debug|Any CPU
		{DA0E6A71-5A37-4EE6-87A4-C82C93EF908D}.Debug|Any CPU.Build.0 = Debug|Any CPU
		{DA0E6A71-5A37-4EE6-87A4-C82C93EF908D}.Release|Any CPU.ActiveCfg = Release|Any CPU
		{DA0E6A71-5A37-4EE6-87A4-C82C93EF908D}.Release|Any CPU.Build.0 = Release|Any CPU
	EndGlobalSection
	GlobalSection(SolutionProperties) = preSolution
		HideSolutionNode = FALSE
	EndGlobalSection
EndGlobal
